// !$*UTF8*$!
{
	archiveVersion = 1;
	classes = {
	};
	objectVersion = 50;
	objects = {

/* Begin PBXBuildFile section */
		FD5844E624D1A83B0015BAE4 /* AppDelegate.swift in Sources */ = {isa = PBXBuildFile; fileRef = FD5844E524D1A83B0015BAE4 /* AppDelegate.swift */; };
		FD5844E824D1A83B0015BAE4 /* SceneDelegate.swift in Sources */ = {isa = PBXBuildFile; fileRef = FD5844E724D1A83B0015BAE4 /* SceneDelegate.swift */; };
		FD5844EA24D1A83B0015BAE4 /* ViewController.swift in Sources */ = {isa = PBXBuildFile; fileRef = FD5844E924D1A83B0015BAE4 /* ViewController.swift */; };
		FD5844ED24D1A83B0015BAE4 /* Main.storyboard in Resources */ = {isa = PBXBuildFile; fileRef = FD5844EB24D1A83B0015BAE4 /* Main.storyboard */; };
		FD5844EF24D1A8420015BAE4 /* Assets.xcassets in Resources */ = {isa = PBXBuildFile; fileRef = FD5844EE24D1A8420015BAE4 /* Assets.xcassets */; };
		FD5844F224D1A8420015BAE4 /* LaunchScreen.storyboard in Resources */ = {isa = PBXBuildFile; fileRef = FD5844F024D1A8420015BAE4 /* LaunchScreen.storyboard */; };
		FD5844FD24D1A8430015BAE4 /* Meme_Maker_2_0Tests.swift in Sources */ = {isa = PBXBuildFile; fileRef = FD5844FC24D1A8430015BAE4 /* Meme_Maker_2_0Tests.swift */; };
		FD58450824D1A8430015BAE4 /* Meme_Maker_2_0UITests.swift in Sources */ = {isa = PBXBuildFile; fileRef = FD58450724D1A8430015BAE4 /* Meme_Maker_2_0UITests.swift */; };
/* End PBXBuildFile section */

/* Begin PBXContainerItemProxy section */
		FD5844F924D1A8430015BAE4 /* PBXContainerItemProxy */ = {
			isa = PBXContainerItemProxy;
			containerPortal = FD5844DA24D1A83B0015BAE4 /* Project object */;
			proxyType = 1;
			remoteGlobalIDString = FD5844E124D1A83B0015BAE4;
			remoteInfo = "Meme Maker 2.0";
		};
		FD58450424D1A8430015BAE4 /* PBXContainerItemProxy */ = {
			isa = PBXContainerItemProxy;
			containerPortal = FD5844DA24D1A83B0015BAE4 /* Project object */;
			proxyType = 1;
			remoteGlobalIDString = FD5844E124D1A83B0015BAE4;
			remoteInfo = "Meme Maker 2.0";
		};
/* End PBXContainerItemProxy section */

/* Begin PBXFileReference section */
		FD5844E224D1A83B0015BAE4 /* Meme Maker 2.0.app */ = {isa = PBXFileReference; explicitFileType = wrapper.application; includeInIndex = 0; path = "Meme Maker 2.0.app"; sourceTree = BUILT_PRODUCTS_DIR; };
		FD5844E524D1A83B0015BAE4 /* AppDelegate.swift */ = {isa = PBXFileReference; lastKnownFileType = sourcecode.swift; path = AppDelegate.swift; sourceTree = "<group>"; };
		FD5844E724D1A83B0015BAE4 /* SceneDelegate.swift */ = {isa = PBXFileReference; lastKnownFileType = sourcecode.swift; path = SceneDelegate.swift; sourceTree = "<group>"; };
		FD5844E924D1A83B0015BAE4 /* ViewController.swift */ = {isa = PBXFileReference; lastKnownFileType = sourcecode.swift; path = ViewController.swift; sourceTree = "<group>"; };
		FD5844EC24D1A83B0015BAE4 /* Base */ = {isa = PBXFileReference; lastKnownFileType = file.storyboard; name = Base; path = Base.lproj/Main.storyboard; sourceTree = "<group>"; };
		FD5844EE24D1A8420015BAE4 /* Assets.xcassets */ = {isa = PBXFileReference; lastKnownFileType = folder.assetcatalog; path = Assets.xcassets; sourceTree = "<group>"; };
		FD5844F124D1A8420015BAE4 /* Base */ = {isa = PBXFileReference; lastKnownFileType = file.storyboard; name = Base; path = Base.lproj/LaunchScreen.storyboard; sourceTree = "<group>"; };
		FD5844F324D1A8420015BAE4 /* Info.plist */ = {isa = PBXFileReference; lastKnownFileType = text.plist.xml; path = Info.plist; sourceTree = "<group>"; };
		FD5844F824D1A8430015BAE4 /* Meme Maker 2.0Tests.xctest */ = {isa = PBXFileReference; explicitFileType = wrapper.cfbundle; includeInIndex = 0; path = "Meme Maker 2.0Tests.xctest"; sourceTree = BUILT_PRODUCTS_DIR; };
		FD5844FC24D1A8430015BAE4 /* Meme_Maker_2_0Tests.swift */ = {isa = PBXFileReference; lastKnownFileType = sourcecode.swift; path = Meme_Maker_2_0Tests.swift; sourceTree = "<group>"; };
		FD5844FE24D1A8430015BAE4 /* Info.plist */ = {isa = PBXFileReference; lastKnownFileType = text.plist.xml; path = Info.plist; sourceTree = "<group>"; };
		FD58450324D1A8430015BAE4 /* Meme Maker 2.0UITests.xctest */ = {isa = PBXFileReference; explicitFileType = wrapper.cfbundle; includeInIndex = 0; path = "Meme Maker 2.0UITests.xctest"; sourceTree = BUILT_PRODUCTS_DIR; };
		FD58450724D1A8430015BAE4 /* Meme_Maker_2_0UITests.swift */ = {isa = PBXFileReference; lastKnownFileType = sourcecode.swift; path = Meme_Maker_2_0UITests.swift; sourceTree = "<group>"; };
		FD58450924D1A8430015BAE4 /* Info.plist */ = {isa = PBXFileReference; lastKnownFileType = text.plist.xml; path = Info.plist; sourceTree = "<group>"; };
/* End PBXFileReference section */

/* Begin PBXFrameworksBuildPhase section */
		FD5844DF24D1A83B0015BAE4 /* Frameworks */ = {
			isa = PBXFrameworksBuildPhase;
			buildActionMask = 2147483647;
			files = (
			);
			runOnlyForDeploymentPostprocessing = 0;
		};
		FD5844F524D1A8430015BAE4 /* Frameworks */ = {
			isa = PBXFrameworksBuildPhase;
			buildActionMask = 2147483647;
			files = (
			);
			runOnlyForDeploymentPostprocessing = 0;
		};
		FD58450024D1A8430015BAE4 /* Frameworks */ = {
			isa = PBXFrameworksBuildPhase;
			buildActionMask = 2147483647;
			files = (
			);
			runOnlyForDeploymentPostprocessing = 0;
		};
/* End PBXFrameworksBuildPhase section */

/* Begin PBXGroup section */
		FD5844D924D1A83B0015BAE4 = {
			isa = PBXGroup;
			children = (
				FD5844E424D1A83B0015BAE4 /* Meme Maker 2.0 */,
				FD5844FB24D1A8430015BAE4 /* Meme Maker 2.0Tests */,
				FD58450624D1A8430015BAE4 /* Meme Maker 2.0UITests */,
				FD5844E324D1A83B0015BAE4 /* Products */,
			);
			sourceTree = "<group>";
		};
		FD5844E324D1A83B0015BAE4 /* Products */ = {
			isa = PBXGroup;
			children = (
				FD5844E224D1A83B0015BAE4 /* Meme Maker 2.0.app */,
				FD5844F824D1A8430015BAE4 /* Meme Maker 2.0Tests.xctest */,
				FD58450324D1A8430015BAE4 /* Meme Maker 2.0UITests.xctest */,
			);
			name = Products;
			sourceTree = "<group>";
		};
		FD5844E424D1A83B0015BAE4 /* Meme Maker 2.0 */ = {
			isa = PBXGroup;
			children = (
				FD5844E524D1A83B0015BAE4 /* AppDelegate.swift */,
				FD5844E724D1A83B0015BAE4 /* SceneDelegate.swift */,
				FD5844E924D1A83B0015BAE4 /* ViewController.swift */,
				FD5844EB24D1A83B0015BAE4 /* Main.storyboard */,
				FD5844EE24D1A8420015BAE4 /* Assets.xcassets */,
				FD5844F024D1A8420015BAE4 /* LaunchScreen.storyboard */,
				FD5844F324D1A8420015BAE4 /* Info.plist */,
			);
			path = "Meme Maker 2.0";
			sourceTree = "<group>";
		};
		FD5844FB24D1A8430015BAE4 /* Meme Maker 2.0Tests */ = {
			isa = PBXGroup;
			children = (
				FD5844FC24D1A8430015BAE4 /* Meme_Maker_2_0Tests.swift */,
				FD5844FE24D1A8430015BAE4 /* Info.plist */,
			);
			path = "Meme Maker 2.0Tests";
			sourceTree = "<group>";
		};
		FD58450624D1A8430015BAE4 /* Meme Maker 2.0UITests */ = {
			isa = PBXGroup;
			children = (
				FD58450724D1A8430015BAE4 /* Meme_Maker_2_0UITests.swift */,
				FD58450924D1A8430015BAE4 /* Info.plist */,
			);
			path = "Meme Maker 2.0UITests";
			sourceTree = "<group>";
		};
/* End PBXGroup section */

/* Begin PBXNativeTarget section */
		FD5844E124D1A83B0015BAE4 /* Meme Maker 2.0 */ = {
			isa = PBXNativeTarget;
			buildConfigurationList = FD58450C24D1A8430015BAE4 /* Build configuration list for PBXNativeTarget "Meme Maker 2.0" */;
			buildPhases = (
				FD5844DE24D1A83B0015BAE4 /* Sources */,
				FD5844DF24D1A83B0015BAE4 /* Frameworks */,
				FD5844E024D1A83B0015BAE4 /* Resources */,
			);
			buildRules = (
			);
			dependencies = (
			);
			name = "Meme Maker 2.0";
			productName = "Meme Maker 2.0";
			productReference = FD5844E224D1A83B0015BAE4 /* Meme Maker 2.0.app */;
			productType = "com.apple.product-type.application";
		};
		FD5844F724D1A8430015BAE4 /* Meme Maker 2.0Tests */ = {
			isa = PBXNativeTarget;
			buildConfigurationList = FD58450F24D1A8430015BAE4 /* Build configuration list for PBXNativeTarget "Meme Maker 2.0Tests" */;
			buildPhases = (
				FD5844F424D1A8430015BAE4 /* Sources */,
				FD5844F524D1A8430015BAE4 /* Frameworks */,
				FD5844F624D1A8430015BAE4 /* Resources */,
			);
			buildRules = (
			);
			dependencies = (
				FD5844FA24D1A8430015BAE4 /* PBXTargetDependency */,
			);
			name = "Meme Maker 2.0Tests";
			productName = "Meme Maker 2.0Tests";
			productReference = FD5844F824D1A8430015BAE4 /* Meme Maker 2.0Tests.xctest */;
			productType = "com.apple.product-type.bundle.unit-test";
		};
		FD58450224D1A8430015BAE4 /* Meme Maker 2.0UITests */ = {
			isa = PBXNativeTarget;
			buildConfigurationList = FD58451224D1A8430015BAE4 /* Build configuration list for PBXNativeTarget "Meme Maker 2.0UITests" */;
			buildPhases = (
				FD5844FF24D1A8430015BAE4 /* Sources */,
				FD58450024D1A8430015BAE4 /* Frameworks */,
				FD58450124D1A8430015BAE4 /* Resources */,
			);
			buildRules = (
			);
			dependencies = (
				FD58450524D1A8430015BAE4 /* PBXTargetDependency */,
			);
			name = "Meme Maker 2.0UITests";
			productName = "Meme Maker 2.0UITests";
			productReference = FD58450324D1A8430015BAE4 /* Meme Maker 2.0UITests.xctest */;
			productType = "com.apple.product-type.bundle.ui-testing";
		};
/* End PBXNativeTarget section */

/* Begin PBXProject section */
		FD5844DA24D1A83B0015BAE4 /* Project object */ = {
			isa = PBXProject;
			attributes = {
				LastSwiftUpdateCheck = 1150;
				LastUpgradeCheck = 1150;
				ORGANIZATIONNAME = "Walter Dickson";
				TargetAttributes = {
					FD5844E124D1A83B0015BAE4 = {
						CreatedOnToolsVersion = 11.5;
					};
					FD5844F724D1A8430015BAE4 = {
						CreatedOnToolsVersion = 11.5;
						TestTargetID = FD5844E124D1A83B0015BAE4;
					};
					FD58450224D1A8430015BAE4 = {
						CreatedOnToolsVersion = 11.5;
						TestTargetID = FD5844E124D1A83B0015BAE4;
					};
				};
			};
			buildConfigurationList = FD5844DD24D1A83B0015BAE4 /* Build configuration list for PBXProject "Meme Maker 2.0" */;
			compatibilityVersion = "Xcode 9.3";
			developmentRegion = en;
			hasScannedForEncodings = 0;
			knownRegions = (
				en,
				Base,
			);
			mainGroup = FD5844D924D1A83B0015BAE4;
			productRefGroup = FD5844E324D1A83B0015BAE4 /* Products */;
			projectDirPath = "";
			projectRoot = "";
			targets = (
				FD5844E124D1A83B0015BAE4 /* Meme Maker 2.0 */,
				FD5844F724D1A8430015BAE4 /* Meme Maker 2.0Tests */,
				FD58450224D1A8430015BAE4 /* Meme Maker 2.0UITests */,
			);
		};
/* End PBXProject section */

/* Begin PBXResourcesBuildPhase section */
		FD5844E024D1A83B0015BAE4 /* Resources */ = {
			isa = PBXResourcesBuildPhase;
			buildActionMask = 2147483647;
			files = (
				FD5844F224D1A8420015BAE4 /* LaunchScreen.storyboard in Resources */,
				FD5844EF24D1A8420015BAE4 /* Assets.xcassets in Resources */,
				FD5844ED24D1A83B0015BAE4 /* Main.storyboard in Resources */,
			);
			runOnlyForDeploymentPostprocessing = 0;
		};
		FD5844F624D1A8430015BAE4 /* Resources */ = {
			isa = PBXResourcesBuildPhase;
			buildActionMask = 2147483647;
			files = (
			);
			runOnlyForDeploymentPostprocessing = 0;
		};
		FD58450124D1A8430015BAE4 /* Resources */ = {
			isa = PBXResourcesBuildPhase;
			buildActionMask = 2147483647;
			files = (
			);
			runOnlyForDeploymentPostprocessing = 0;
		};
/* End PBXResourcesBuildPhase section */

/* Begin PBXSourcesBuildPhase section */
		FD5844DE24D1A83B0015BAE4 /* Sources */ = {
			isa = PBXSourcesBuildPhase;
			buildActionMask = 2147483647;
			files = (
				FD5844EA24D1A83B0015BAE4 /* ViewController.swift in Sources */,
				FD5844E624D1A83B0015BAE4 /* AppDelegate.swift in Sources */,
				FD5844E824D1A83B0015BAE4 /* SceneDelegate.swift in Sources */,
			);
			runOnlyForDeploymentPostprocessing = 0;
		};
		FD5844F424D1A8430015BAE4 /* Sources */ = {
			isa = PBXSourcesBuildPhase;
			buildActionMask = 2147483647;
			files = (
				FD5844FD24D1A8430015BAE4 /* Meme_Maker_2_0Tests.swift in Sources */,
			);
			runOnlyForDeploymentPostprocessing = 0;
		};
		FD5844FF24D1A8430015BAE4 /* Sources */ = {
			isa = PBXSourcesBuildPhase;
			buildActionMask = 2147483647;
			files = (
				FD58450824D1A8430015BAE4 /* Meme_Maker_2_0UITests.swift in Sources */,
			);
			runOnlyForDeploymentPostprocessing = 0;
		};
/* End PBXSourcesBuildPhase section */

/* Begin PBXTargetDependency section */
		FD5844FA24D1A8430015BAE4 /* PBXTargetDependency */ = {
			isa = PBXTargetDependency;
			target = FD5844E124D1A83B0015BAE4 /* Meme Maker 2.0 */;
			targetProxy = FD5844F924D1A8430015BAE4 /* PBXContainerItemProxy */;
		};
		FD58450524D1A8430015BAE4 /* PBXTargetDependency */ = {
			isa = PBXTargetDependency;
			target = FD5844E124D1A83B0015BAE4 /* Meme Maker 2.0 */;
			targetProxy = FD58450424D1A8430015BAE4 /* PBXContainerItemProxy */;
		};
/* End PBXTargetDependency section */

/* Begin PBXVariantGroup section */
		FD5844EB24D1A83B0015BAE4 /* Main.storyboard */ = {
			isa = PBXVariantGroup;
			children = (
				FD5844EC24D1A83B0015BAE4 /* Base */,
			);
			name = Main.storyboard;
			sourceTree = "<group>";
		};
		FD5844F024D1A8420015BAE4 /* LaunchScreen.storyboard */ = {
			isa = PBXVariantGroup;
			children = (
				FD5844F124D1A8420015BAE4 /* Base */,
			);
			name = LaunchScreen.storyboard;
			sourceTree = "<group>";
		};
/* End PBXVariantGroup section */

/* Begin XCBuildConfiguration section */
		FD58450A24D1A8430015BAE4 /* Debug */ = {
			isa = XCBuildConfiguration;
			buildSettings = {
				ALWAYS_SEARCH_USER_PATHS = NO;
				CLANG_ANALYZER_NONNULL = YES;
				CLANG_ANALYZER_NUMBER_OBJECT_CONVERSION = YES_AGGRESSIVE;
				CLANG_CXX_LANGUAGE_STANDARD = "gnu++14";
				CLANG_CXX_LIBRARY = "libc++";
				CLANG_ENABLE_MODULES = YES;
				CLANG_ENABLE_OBJC_ARC = YES;
				CLANG_ENABLE_OBJC_WEAK = YES;
				CLANG_WARN_BLOCK_CAPTURE_AUTORELEASING = YES;
				CLANG_WARN_BOOL_CONVERSION = YES;
				CLANG_WARN_COMMA = YES;
				CLANG_WARN_CONSTANT_CONVERSION = YES;
				CLANG_WARN_DEPRECATED_OBJC_IMPLEMENTATIONS = YES;
				CLANG_WARN_DIRECT_OBJC_ISA_USAGE = YES_ERROR;
				CLANG_WARN_DOCUMENTATION_COMMENTS = YES;
				CLANG_WARN_EMPTY_BODY = YES;
				CLANG_WARN_ENUM_CONVERSION = YES;
				CLANG_WARN_INFINITE_RECURSION = YES;
				CLANG_WARN_INT_CONVERSION = YES;
				CLANG_WARN_NON_LITERAL_NULL_CONVERSION = YES;
				CLANG_WARN_OBJC_IMPLICIT_RETAIN_SELF = YES;
				CLANG_WARN_OBJC_LITERAL_CONVERSION = YES;
				CLANG_WARN_OBJC_ROOT_CLASS = YES_ERROR;
				CLANG_WARN_RANGE_LOOP_ANALYSIS = YES;
				CLANG_WARN_STRICT_PROTOTYPES = YES;
				CLANG_WARN_SUSPICIOUS_MOVE = YES;
				CLANG_WARN_UNGUARDED_AVAILABILITY = YES_AGGRESSIVE;
				CLANG_WARN_UNREACHABLE_CODE = YES;
				CLANG_WARN__DUPLICATE_METHOD_MATCH = YES;
				COPY_PHASE_STRIP = NO;
				DEBUG_INFORMATION_FORMAT = dwarf;
				ENABLE_STRICT_OBJC_MSGSEND = YES;
				ENABLE_TESTABILITY = YES;
				GCC_C_LANGUAGE_STANDARD = gnu11;
				GCC_DYNAMIC_NO_PIC = NO;
				GCC_NO_COMMON_BLOCKS = YES;
				GCC_OPTIMIZATION_LEVEL = 0;
				GCC_PREPROCESSOR_DEFINITIONS = (
					"DEBUG=1",
					"$(inherited)",
				);
				GCC_WARN_64_TO_32_BIT_CONVERSION = YES;
				GCC_WARN_ABOUT_RETURN_TYPE = YES_ERROR;
				GCC_WARN_UNDECLARED_SELECTOR = YES;
				GCC_WARN_UNINITIALIZED_AUTOS = YES_AGGRESSIVE;
				GCC_WARN_UNUSED_FUNCTION = YES;
				GCC_WARN_UNUSED_VARIABLE = YES;
				IPHONEOS_DEPLOYMENT_TARGET = 13.5;
				MTL_ENABLE_DEBUG_INFO = INCLUDE_SOURCE;
				MTL_FAST_MATH = YES;
				ONLY_ACTIVE_ARCH = YES;
				SDKROOT = iphoneos;
				SWIFT_ACTIVE_COMPILATION_CONDITIONS = DEBUG;
				SWIFT_OPTIMIZATION_LEVEL = "-Onone";
			};
			name = Debug;
		};
		FD58450B24D1A8430015BAE4 /* Release */ = {
			isa = XCBuildConfiguration;
			buildSettings = {
				ALWAYS_SEARCH_USER_PATHS = NO;
				CLANG_ANALYZER_NONNULL = YES;
				CLANG_ANALYZER_NUMBER_OBJECT_CONVERSION = YES_AGGRESSIVE;
				CLANG_CXX_LANGUAGE_STANDARD = "gnu++14";
				CLANG_CXX_LIBRARY = "libc++";
				CLANG_ENABLE_MODULES = YES;
				CLANG_ENABLE_OBJC_ARC = YES;
				CLANG_ENABLE_OBJC_WEAK = YES;
				CLANG_WARN_BLOCK_CAPTURE_AUTORELEASING = YES;
				CLANG_WARN_BOOL_CONVERSION = YES;
				CLANG_WARN_COMMA = YES;
				CLANG_WARN_CONSTANT_CONVERSION = YES;
				CLANG_WARN_DEPRECATED_OBJC_IMPLEMENTATIONS = YES;
				CLANG_WARN_DIRECT_OBJC_ISA_USAGE = YES_ERROR;
				CLANG_WARN_DOCUMENTATION_COMMENTS = YES;
				CLANG_WARN_EMPTY_BODY = YES;
				CLANG_WARN_ENUM_CONVERSION = YES;
				CLANG_WARN_INFINITE_RECURSION = YES;
				CLANG_WARN_INT_CONVERSION = YES;
				CLANG_WARN_NON_LITERAL_NULL_CONVERSION = YES;
				CLANG_WARN_OBJC_IMPLICIT_RETAIN_SELF = YES;
				CLANG_WARN_OBJC_LITERAL_CONVERSION = YES;
				CLANG_WARN_OBJC_ROOT_CLASS = YES_ERROR;
				CLANG_WARN_RANGE_LOOP_ANALYSIS = YES;
				CLANG_WARN_STRICT_PROTOTYPES = YES;
				CLANG_WARN_SUSPICIOUS_MOVE = YES;
				CLANG_WARN_UNGUARDED_AVAILABILITY = YES_AGGRESSIVE;
				CLANG_WARN_UNREACHABLE_CODE = YES;
				CLANG_WARN__DUPLICATE_METHOD_MATCH = YES;
				COPY_PHASE_STRIP = NO;
				DEBUG_INFORMATION_FORMAT = "dwarf-with-dsym";
				ENABLE_NS_ASSERTIONS = NO;
				ENABLE_STRICT_OBJC_MSGSEND = YES;
				GCC_C_LANGUAGE_STANDARD = gnu11;
				GCC_NO_COMMON_BLOCKS = YES;
				GCC_WARN_64_TO_32_BIT_CONVERSION = YES;
				GCC_WARN_ABOUT_RETURN_TYPE = YES_ERROR;
				GCC_WARN_UNDECLARED_SELECTOR = YES;
				GCC_WARN_UNINITIALIZED_AUTOS = YES_AGGRESSIVE;
				GCC_WARN_UNUSED_FUNCTION = YES;
				GCC_WARN_UNUSED_VARIABLE = YES;
				IPHONEOS_DEPLOYMENT_TARGET = 13.5;
				MTL_ENABLE_DEBUG_INFO = NO;
				MTL_FAST_MATH = YES;
				SDKROOT = iphoneos;
				SWIFT_COMPILATION_MODE = wholemodule;
				SWIFT_OPTIMIZATION_LEVEL = "-O";
				VALIDATE_PRODUCT = YES;
			};
			name = Release;
		};
		FD58450D24D1A8430015BAE4 /* Debug */ = {
			isa = XCBuildConfiguration;
			buildSettings = {
				ASSETCATALOG_COMPILER_APPICON_NAME = AppIcon;
				CODE_SIGN_STYLE = Automatic;
				DEVELOPMENT_TEAM = HR45AY479F;
				INFOPLIST_FILE = "Meme Maker 2.0/Info.plist";
				LD_RUNPATH_SEARCH_PATHS = (
					"$(inherited)",
					"@executable_path/Frameworks",
				);
				PRODUCT_BUNDLE_IDENTIFIER = "waltdickson.Meme-Maker-2-0";
				PRODUCT_NAME = "$(TARGET_NAME)";
				SWIFT_VERSION = 5.0;
				TARGETED_DEVICE_FAMILY = "1,2";
			};
			name = Debug;
		};
		FD58450E24D1A8430015BAE4 /* Release */ = {
			isa = XCBuildConfiguration;
			buildSettings = {
				ASSETCATALOG_COMPILER_APPICON_NAME = AppIcon;
				CODE_SIGN_STYLE = Automatic;
				DEVELOPMENT_TEAM = HR45AY479F;
				INFOPLIST_FILE = "Meme Maker 2.0/Info.plist";
				LD_RUNPATH_SEARCH_PATHS = (
					"$(inherited)",
					"@executable_path/Frameworks",
				);
				PRODUCT_BUNDLE_IDENTIFIER = "waltdickson.Meme-Maker-2-0";
				PRODUCT_NAME = "$(TARGET_NAME)";
				SWIFT_VERSION = 5.0;
				TARGETED_DEVICE_FAMILY = "1,2";
			};
			name = Release;
		};
		FD58451024D1A8430015BAE4 /* Debug */ = {
			isa = XCBuildConfiguration;
			buildSettings = {
				ALWAYS_EMBED_SWIFT_STANDARD_LIBRARIES = YES;
				BUNDLE_LOADER = "$(TEST_HOST)";
				CODE_SIGN_STYLE = Automatic;
				DEVELOPMENT_TEAM = HR45AY479F;
				INFOPLIST_FILE = "Meme Maker 2.0Tests/Info.plist";
				IPHONEOS_DEPLOYMENT_TARGET = 13.5;
				LD_RUNPATH_SEARCH_PATHS = (
					"$(inherited)",
					"@executable_path/Frameworks",
					"@loader_path/Frameworks",
				);
				PRODUCT_BUNDLE_IDENTIFIER = "waltdickson.Meme-Maker-2-0Tests";
				PRODUCT_NAME = "$(TARGET_NAME)";
				SWIFT_VERSION = 5.0;
				TARGETED_DEVICE_FAMILY = "1,2";
				TEST_HOST = "$(BUILT_PRODUCTS_DIR)/Meme Maker 2.0.app/Meme Maker 2.0";
			};
			name = Debug;
		};
		FD58451124D1A8430015BAE4 /* Release */ = {
			isa = XCBuildConfiguration;
			buildSettings = {
				ALWAYS_EMBED_SWIFT_STANDARD_LIBRARIES = YES;
				BUNDLE_LOADER = "$(TEST_HOST)";
				CODE_SIGN_STYLE = Automatic;
				DEVELOPMENT_TEAM = HR45AY479F;
				INFOPLIST_FILE = "Meme Maker 2.0Tests/Info.plist";
				IPHONEOS_DEPLOYMENT_TARGET = 13.5;
				LD_RUNPATH_SEARCH_PATHS = (
					"$(inherited)",
					"@executable_path/Frameworks",
					"@loader_path/Frameworks",
				);
				PRODUCT_BUNDLE_IDENTIFIER = "waltdickson.Meme-Maker-2-0Tests";
				PRODUCT_NAME = "$(TARGET_NAME)";
				SWIFT_VERSION = 5.0;
				TARGETED_DEVICE_FAMILY = "1,2";
				TEST_HOST = "$(BUILT_PRODUCTS_DIR)/Meme Maker 2.0.app/Meme Maker 2.0";
			};
			name = Release;
		};
		FD58451324D1A8430015BAE4 /* Debug */ = {
			isa = XCBuildConfiguration;
			buildSettings = {
				ALWAYS_EMBED_SWIFT_STANDARD_LIBRARIES = YES;
				CODE_SIGN_STYLE = Automatic;
				DEVELOPMENT_TEAM = HR45AY479F;
				INFOPLIST_FILE = "Meme Maker 2.0UITests/Info.plist";
				LD_RUNPATH_SEARCH_PATHS = (
					"$(inherited)",
					"@executable_path/Frameworks",
					"@loader_path/Frameworks",
				);
				PRODUCT_BUNDLE_IDENTIFIER = "waltdickson.Meme-Maker-2-0UITests";
				PRODUCT_NAME = "$(TARGET_NAME)";
				SWIFT_VERSION = 5.0;
				TARGETED_DEVICE_FAMILY = "1,2";
				TEST_TARGET_NAME = "Meme Maker 2.0";
			};
			name = Debug;
		};
		FD58451424D1A8430015BAE4 /* Release */ = {
			isa = XCBuildConfiguration;
			buildSettings = {
				ALWAYS_EMBED_SWIFT_STANDARD_LIBRARIES = YES;
				CODE_SIGN_STYLE = Automatic;
				DEVELOPMENT_TEAM = HR45AY479F;
				INFOPLIST_FILE = "Meme Maker 2.0UITests/Info.plist";
				LD_RUNPATH_SEARCH_PATHS = (
					"$(inherited)",
					"@executable_path/Frameworks",
					"@loader_path/Frameworks",
				);
				PRODUCT_BUNDLE_IDENTIFIER = "waltdickson.Meme-Maker-2-0UITests";
				PRODUCT_NAME = "$(TARGET_NAME)";
				SWIFT_VERSION = 5.0;
				TARGETED_DEVICE_FAMILY = "1,2";
				TEST_TARGET_NAME = "Meme Maker 2.0";
			};
			name = Release;
		};
/* End XCBuildConfiguration section */

/* Begin XCConfigurationList section */
		FD5844DD24D1A83B0015BAE4 /* Build configuration list for PBXProject "Meme Maker 2.0" */ = {
			isa = XCConfigurationList;
			buildConfigurations = (
				FD58450A24D1A8430015BAE4 /* Debug */,
				FD58450B24D1A8430015BAE4 /* Release */,
			);
			defaultConfigurationIsVisible = 0;
			defaultConfigurationName = Release;
		};
		FD58450C24D1A8430015BAE4 /* Build configuration list for PBXNativeTarget "Meme Maker 2.0" */ = {
			isa = XCConfigurationList;
			buildConfigurations = (
				FD58450D24D1A8430015BAE4 /* Debug */,
				FD58450E24D1A8430015BAE4 /* Release */,
			);
			defaultConfigurationIsVisible = 0;
			defaultConfigurationName = Release;
		};
		FD58450F24D1A8430015BAE4 /* Build configuration list for PBXNativeTarget "Meme Maker 2.0Tests" */ = {
			isa = XCConfigurationList;
			buildConfigurations = (
				FD58451024D1A8430015BAE4 /* Debug */,
				FD58451124D1A8430015BAE4 /* Release */,
			);
			defaultConfigurationIsVisible = 0;
			defaultConfigurationName = Release;
		};
		FD58451224D1A8430015BAE4 /* Build configuration list for PBXNativeTarget "Meme Maker 2.0UITests" */ = {
			isa = XCConfigurationList;
			buildConfigurations = (
				FD58451324D1A8430015BAE4 /* Debug */,
				FD58451424D1A8430015BAE4 /* Release */,
			);
			defaultConfigurationIsVisible = 0;
			defaultConfigurationName = Release;
		};
/* End XCConfigurationList section */
	};
	rootObject = FD5844DA24D1A83B0015BAE4 /* Project object */;
}
